
Microsoft Visual Studio Solution File, Format Version 12.00
# Visual Studio 14
VisualStudioVersion = 14.0.25420.1
MinimumVisualStudioVersion = 10.0.40219.1
Project("{FAE04EC0-301F-11D3-BF4B-00C04F79EFBC}") = "RabbitMQTest", "RabbitMQTest\RabbitMQTest.csproj", "{D06059C8-786A-45F9-B005-1F7DA6197588}"
EndProject
Project("{FAE04EC0-301F-11D3-BF4B-00C04F79EFBC}") = "OneWayMessaging.Client", "OneWayMessaging.Client\OneWayMessaging.Client.csproj", "{C360B03B-9079-4A77-9DB5-C1E9943049DB}"
EndProject
Project("{FAE04EC0-301F-11D3-BF4B-00C04F79EFBC}") = "OneWayMessaging.Server", "OneWayMessaging.Server\OneWayMessaging.Server.csproj", "{F3CE15E7-7274-471F-819F-FEE415F54226}"
EndProject
Project("{FAE04EC0-301F-11D3-BF4B-00C04F79EFBC}") = "WorkQueues.Client", "WorkQueues.Client\WorkQueues.Client.csproj", "{60F805B4-BD84-4BA5-96B8-E4DF09DDB27F}"
EndProject
Project("{FAE04EC0-301F-11D3-BF4B-00C04F79EFBC}") = "WorkQueues.Server", "WorkQueues.Server\WorkQueues.Server.csproj", "{D33006D8-3563-4FF4-A1D1-E6E06D3C554E}"
EndProject
Project("{FAE04EC0-301F-11D3-BF4B-00C04F79EFBC}") = "PublishSubscribe.Client", "PublishSubscribe.Client\PublishSubscribe.Client.csproj", "{B819E108-D970-4E7B-B307-9A694A5C97BA}"
EndProject
Project("{FAE04EC0-301F-11D3-BF4B-00C04F79EFBC}") = "PublishSubscribe.Server", "PublishSubscribe.Server\PublishSubscribe.Server.csproj", "{55CAD1E4-846F-4E74-A0DF-90DB16F2A594}"
EndProject
Project("{FAE04EC0-301F-11D3-BF4B-00C04F79EFBC}") = "PublishSubscribe.Server2", "PublishSubscribe.Server2\PublishSubscribe.Server2.csproj", "{01C0B6E8-F462-4BA2-B30A-2B8DEDFD3190}"
EndProject
Project("{FAE04EC0-301F-11D3-BF4B-00C04F79EFBC}") = "Routing.Client", "Routing.Client\Routing.Client.csproj", "{1761273F-347A-418B-BAF2-DD7C119D971F}"
EndProject
Project("{FAE04EC0-301F-11D3-BF4B-00C04F79EFBC}") = "Routing.Server", "Routing.Server\Routing.Server.csproj", "{47AB005F-522B-422D-8C53-4886B498DCCB}"
EndProject
Project("{FAE04EC0-301F-11D3-BF4B-00C04F79EFBC}") = "Routing.Server2", "Routing.Server2\Routing.Server2.csproj", "{D1C8509D-D03F-424D-B99F-CBCEBD5B7EEF}"
EndProject
Global
	GlobalSection(SolutionConfigurationPlatforms) = preSolution
		Debug|Any CPU = Debug|Any CPU
		Release|Any CPU = Release|Any CPU
	EndGlobalSection
	GlobalSection(ProjectConfigurationPlatforms) = postSolution
		{D06059C8-786A-45F9-B005-1F7DA6197588}.Debug|Any CPU.ActiveCfg = Debug|Any CPU
		{D06059C8-786A-45F9-B005-1F7DA6197588}.Debug|Any CPU.Build.0 = Debug|Any CPU
		{D06059C8-786A-45F9-B005-1F7DA6197588}.Release|Any CPU.ActiveCfg = Release|Any CPU
		{D06059C8-786A-45F9-B005-1F7DA6197588}.Release|Any CPU.Build.0 = Release|Any CPU
		{C360B03B-9079-4A77-9DB5-C1E9943049DB}.Debug|Any CPU.ActiveCfg = Debug|Any CPU
		{C360B03B-9079-4A77-9DB5-C1E9943049DB}.Debug|Any CPU.Build.0 = Debug|Any CPU
		{C360B03B-9079-4A77-9DB5-C1E9943049DB}.Release|Any CPU.ActiveCfg = Release|Any CPU
		{C360B03B-9079-4A77-9DB5-C1E9943049DB}.Release|Any CPU.Build.0 = Release|Any CPU
		{F3CE15E7-7274-471F-819F-FEE415F54226}.Debug|Any CPU.ActiveCfg = Debug|Any CPU
		{F3CE15E7-7274-471F-819F-FEE415F54226}.Debug|Any CPU.Build.0 = Debug|Any CPU
		{F3CE15E7-7274-471F-819F-FEE415F54226}.Release|Any CPU.ActiveCfg = Release|Any CPU
		{F3CE15E7-7274-471F-819F-FEE415F54226}.Release|Any CPU.Build.0 = Release|Any CPU
		{60F805B4-BD84-4BA5-96B8-E4DF09DDB27F}.Debug|Any CPU.ActiveCfg = Debug|Any CPU
		{60F805B4-BD84-4BA5-96B8-E4DF09DDB27F}.Debug|Any CPU.Build.0 = Debug|Any CPU
		{60F805B4-BD84-4BA5-96B8-E4DF09DDB27F}.Release|Any CPU.ActiveCfg = Release|Any CPU
		{60F805B4-BD84-4BA5-96B8-E4DF09DDB27F}.Release|Any CPU.Build.0 = Release|Any CPU
		{D33006D8-3563-4FF4-A1D1-E6E06D3C554E}.Debug|Any CPU.ActiveCfg = Debug|Any CPU
		{D33006D8-3563-4FF4-A1D1-E6E06D3C554E}.Debug|Any CPU.Build.0 = Debug|Any CPU
		{D33006D8-3563-4FF4-A1D1-E6E06D3C554E}.Release|Any CPU.ActiveCfg = Release|Any CPU
		{D33006D8-3563-4FF4-A1D1-E6E06D3C554E}.Release|Any CPU.Build.0 = Release|Any CPU
		{B819E108-D970-4E7B-B307-9A694A5C97BA}.Debug|Any CPU.ActiveCfg = Debug|Any CPU
		{B819E108-D970-4E7B-B307-9A694A5C97BA}.Debug|Any CPU.Build.0 = Debug|Any CPU
		{B819E108-D970-4E7B-B307-9A694A5C97BA}.Release|Any CPU.ActiveCfg = Release|Any CPU
		{B819E108-D970-4E7B-B307-9A694A5C97BA}.Release|Any CPU.Build.0 = Release|Any CPU
		{55CAD1E4-846F-4E74-A0DF-90DB16F2A594}.Debug|Any CPU.ActiveCfg = Debug|Any CPU
		{55CAD1E4-846F-4E74-A0DF-90DB16F2A594}.Debug|Any CPU.Build.0 = Debug|Any CPU
		{55CAD1E4-846F-4E74-A0DF-90DB16F2A594}.Release|Any CPU.ActiveCfg = Release|Any CPU
		{55CAD1E4-846F-4E74-A0DF-90DB16F2A594}.Release|Any CPU.Build.0 = Release|Any CPU
		{01C0B6E8-F462-4BA2-B30A-2B8DEDFD3190}.Debug|Any CPU.ActiveCfg = Debug|Any CPU
		{01C0B6E8-F462-4BA2-B30A-2B8DEDFD3190}.Debug|Any CPU.Build.0 = Debug|Any CPU
		{01C0B6E8-F462-4BA2-B30A-2B8DEDFD3190}.Release|Any CPU.ActiveCfg = Release|Any CPU
		{01C0B6E8-F462-4BA2-B30A-2B8DEDFD3190}.Release|Any CPU.Build.0 = Release|Any CPU
		{1761273F-347A-418B-BAF2-DD7C119D971F}.Debug|Any CPU.ActiveCfg = Debug|Any CPU
		{1761273F-347A-418B-BAF2-DD7C119D971F}.Debug|Any CPU.Build.0 = Debug|Any CPU
		{1761273F-347A-418B-BAF2-DD7C119D971F}.Release|Any CPU.ActiveCfg = Release|Any CPU
		{1761273F-347A-418B-BAF2-DD7C119D971F}.Release|Any CPU.Build.0 = Release|Any CPU
		{47AB005F-522B-422D-8C53-4886B498DCCB}.Debug|Any CPU.ActiveCfg = Debug|Any CPU
		{47AB005F-522B-422D-8C53-4886B498DCCB}.Debug|Any CPU.Build.0 = Debug|Any CPU
		{47AB005F-522B-422D-8C53-4886B498DCCB}.Release|Any CPU.ActiveCfg = Release|Any CPU
		{47AB005F-522B-422D-8C53-4886B498DCCB}.Release|Any CPU.Build.0 = Release|Any CPU
		{D1C8509D-D03F-424D-B99F-CBCEBD5B7EEF}.Debug|Any CPU.ActiveCfg = Debug|Any CPU
		{D1C8509D-D03F-424D-B99F-CBCEBD5B7EEF}.Debug|Any CPU.Build.0 = Debug|Any CPU
		{D1C8509D-D03F-424D-B99F-CBCEBD5B7EEF}.Release|Any CPU.ActiveCfg = Release|Any CPU
		{D1C8509D-D03F-424D-B99F-CBCEBD5B7EEF}.Release|Any CPU.Build.0 = Release|Any CPU
	EndGlobalSection
	GlobalSection(SolutionProperties) = preSolution
		HideSolutionNode = FALSE
	EndGlobalSection
EndGlobal
